
Microsoft Visual Studio Solution File, Format Version 12.00
# Visual Studio Version 17
VisualStudioVersion = 17.8.34511.84
MinimumVisualStudioVersion = 10.0.40219.1
Project("{9A19103F-16F7-4668-BE54-9A1E7A4F7556}") = "TaxCalculator", "TaxCalculator\TaxCalculator.csproj", "{D2BB78F3-E5F0-4312-AE0B-5BF72C1902EA}"
EndProject
Project("{9A19103F-16F7-4668-BE54-9A1E7A4F7556}") = "Core", "Core\Core.csproj", "{638DBDA1-DA07-43D5-B2F5-A932F836DBA1}"
EndProject
Project("{9A19103F-16F7-4668-BE54-9A1E7A4F7556}") = "Data", "Data\Data.csproj", "{22ACE16E-7B2D-43C1-9326-6B06C3EAB0BC}"
EndProject
Project("{9A19103F-16F7-4668-BE54-9A1E7A4F7556}") = "TaxCalculator.Tests", "TaxCalculator.Tests\TaxCalculator.Tests.csproj", "{E7A51DB9-CE10-4236-9666-9F9E763EF4EB}"
EndProject
Project("{9A19103F-16F7-4668-BE54-9A1E7A4F7556}") = "Web", "Web\Web.csproj", "{B4D7745A-2503-4039-8F00-9AF019D36F50}"
EndProject
Global
	GlobalSection(SolutionConfigurationPlatforms) = preSolution
		Debug|Any CPU = Debug|Any CPU
		Release|Any CPU = Release|Any CPU
	EndGlobalSection
	GlobalSection(ProjectConfigurationPlatforms) = postSolution
		{D2BB78F3-E5F0-4312-AE0B-5BF72C1902EA}.Debug|Any CPU.ActiveCfg = Debug|Any CPU
		{D2BB78F3-E5F0-4312-AE0B-5BF72C1902EA}.Debug|Any CPU.Build.0 = Debug|Any CPU
		{D2BB78F3-E5F0-4312-AE0B-5BF72C1902EA}.Release|Any CPU.ActiveCfg = Release|Any CPU
		{D2BB78F3-E5F0-4312-AE0B-5BF72C1902EA}.Release|Any CPU.Build.0 = Release|Any CPU
		{638DBDA1-DA07-43D5-B2F5-A932F836DBA1}.Debug|Any CPU.ActiveCfg = Debug|Any CPU
		{638DBDA1-DA07-43D5-B2F5-A932F836DBA1}.Debug|Any CPU.Build.0 = Debug|Any CPU
		{638DBDA1-DA07-43D5-B2F5-A932F836DBA1}.Release|Any CPU.ActiveCfg = Release|Any CPU
		{638DBDA1-DA07-43D5-B2F5-A932F836DBA1}.Release|Any CPU.Build.0 = Release|Any CPU
		{22ACE16E-7B2D-43C1-9326-6B06C3EAB0BC}.Debug|Any CPU.ActiveCfg = Debug|Any CPU
		{22ACE16E-7B2D-43C1-9326-6B06C3EAB0BC}.Debug|Any CPU.Build.0 = Debug|Any CPU
		{22ACE16E-7B2D-43C1-9326-6B06C3EAB0BC}.Release|Any CPU.ActiveCfg = Release|Any CPU
		{22ACE16E-7B2D-43C1-9326-6B06C3EAB0BC}.Release|Any CPU.Build.0 = Release|Any CPU
		{E7A51DB9-CE10-4236-9666-9F9E763EF4EB}.Debug|Any CPU.ActiveCfg = Debug|Any CPU
		{E7A51DB9-CE10-4236-9666-9F9E763EF4EB}.Debug|Any CPU.Build.0 = Debug|Any CPU
		{E7A51DB9-CE10-4236-9666-9F9E763EF4EB}.Release|Any CPU.ActiveCfg = Release|Any CPU
		{E7A51DB9-CE10-4236-9666-9F9E763EF4EB}.Release|Any CPU.Build.0 = Release|Any CPU
		{B4D7745A-2503-4039-8F00-9AF019D36F50}.Debug|Any CPU.ActiveCfg = Debug|Any CPU
		{B4D7745A-2503-4039-8F00-9AF019D36F50}.Debug|Any CPU.Build.0 = Debug|Any CPU
		{B4D7745A-2503-4039-8F00-9AF019D36F50}.Release|Any CPU.ActiveCfg = Release|Any CPU
		{B4D7745A-2503-4039-8F00-9AF019D36F50}.Release|Any CPU.Build.0 = Release|Any CPU
	EndGlobalSection
	GlobalSection(SolutionProperties) = preSolution
		HideSolutionNode = FALSE
	EndGlobalSection
EndGlobal
